
Microsoft Visual Studio Solution File, Format Version 12.00
# Visual Studio Version 17
VisualStudioVersion = 17.2.32519.379
MinimumVisualStudioVersion = 10.0.40219.1
Project("{FAE04EC0-301F-11D3-BF4B-00C04F79EFBC}") = "MacTempSpoofer", "MacTempSpoofer\MacTempSpoofer.csproj", "{12B2371F-CB24-4F5D-80C4-5BE7D2158DAF}"
EndProject
Global
	GlobalSection(SolutionConfigurationPlatforms) = preSolution
		Debug|Any CPU = Debug|Any CPU
		Release|Any CPU = Release|Any CPU
	EndGlobalSection
	GlobalSection(ProjectConfigurationPlatforms) = postSolution
		{12B2371F-CB24-4F5D-80C4-5BE7D2158DAF}.Debug|Any CPU.ActiveCfg = Debug|Any CPU
		{12B2371F-CB24-4F5D-80C4-5BE7D2158DAF}.Debug|Any CPU.Build.0 = Debug|Any CPU
		{12B2371F-CB24-4F5D-80C4-5BE7D2158DAF}.Release|Any CPU.ActiveCfg = Release|Any CPU
		{12B2371F-CB24-4F5D-80C4-5BE7D2158DAF}.Release|Any CPU.Build.0 = Release|Any CPU
	EndGlobalSection
	GlobalSection(SolutionProperties) = preSolution
		HideSolutionNode = FALSE
	EndGlobalSection
	GlobalSection(ExtensibilityGlobals) = postSolution
		SolutionGuid = {FDC3AD33-CE94-4F0A-9896-6C34C9AF157C}
	EndGlobalSection
EndGlobal
